// !$*UTF8*$!
{
	archiveVersion = 1;
	classes = {
	};
	objectVersion = 46;
	objects = {

/* Begin PBXBuildFile section */
		7AF657C21D36C91A0029236D /* main.m in Sources */ = {isa = PBXBuildFile; fileRef = 7AF657C11D36C91A0029236D /* main.m */; };
		7AF657C51D36C91A0029236D /* AppDelegate.m in Sources */ = {isa = PBXBuildFile; fileRef = 7AF657C41D36C91A0029236D /* AppDelegate.m */; };
		7AF657C71D36C91A0029236D /* Shader.fsh in Resources */ = {isa = PBXBuildFile; fileRef = 7AF657C61D36C91A0029236D /* Shader.fsh */; };
		7AF657C91D36C91A0029236D /* Shader.vsh in Resources */ = {isa = PBXBuildFile; fileRef = 7AF657C81D36C91A0029236D /* Shader.vsh */; };
		7AF657CC1D36C91A0029236D /* GameViewController.m in Sources */ = {isa = PBXBuildFile; fileRef = 7AF657CB1D36C91A0029236D /* GameViewController.m */; };
		7AF657CF1D36C91A0029236D /* Main.storyboard in Resources */ = {isa = PBXBuildFile; fileRef = 7AF657CD1D36C91A0029236D /* Main.storyboard */; };
		7AF657D11D36C91A0029236D /* Assets.xcassets in Resources */ = {isa = PBXBuildFile; fileRef = 7AF657D01D36C91A0029236D /* Assets.xcassets */; };
		7AF657D41D36C91A0029236D /* LaunchScreen.storyboard in Resources */ = {isa = PBXBuildFile; fileRef = 7AF657D21D36C91A0029236D /* LaunchScreen.storyboard */; };
		7AF657DF1D36C91A0029236D /* IOSGameTests.m in Sources */ = {isa = PBXBuildFile; fileRef = 7AF657DE1D36C91A0029236D /* IOSGameTests.m */; };
		7AF657EA1D36C91A0029236D /* IOSGameUITests.m in Sources */ = {isa = PBXBuildFile; fileRef = 7AF657E91D36C91A0029236D /* IOSGameUITests.m */; };
		7AF657F91D36D1FB0029236D /* DMEngine.mm in Sources */ = {isa = PBXBuildFile; fileRef = 7AF657F71D36D1FB0029236D /* DMEngine.mm */; };
		7AF657FB1D36D6310029236D /* QuartzCore.framework in Frameworks */ = {isa = PBXBuildFile; fileRef = 7AF657FA1D36D6310029236D /* QuartzCore.framework */; };
		7AF657FD1D36D6380029236D /* OpenGLES.framework in Frameworks */ = {isa = PBXBuildFile; fileRef = 7AF657FC1D36D6380029236D /* OpenGLES.framework */; };
		7AF657FF1D36D71B0029236D /* Wrapper.mm in Sources */ = {isa = PBXBuildFile; fileRef = 7AF657FE1D36D71B0029236D /* Wrapper.mm */; };
		7AF658011D36D9860029236D /* GLKit.framework in Frameworks */ = {isa = PBXBuildFile; fileRef = 7AF658001D36D9860029236D /* GLKit.framework */; };
/* End PBXBuildFile section */

/* Begin PBXContainerItemProxy section */
		7AF657DB1D36C91A0029236D /* PBXContainerItemProxy */ = {
			isa = PBXContainerItemProxy;
			containerPortal = 7AF657B51D36C91A0029236D /* Project object */;
			proxyType = 1;
			remoteGlobalIDString = 7AF657BC1D36C91A0029236D;
			remoteInfo = IOSGame;
		};
		7AF657E61D36C91A0029236D /* PBXContainerItemProxy */ = {
			isa = PBXContainerItemProxy;
			containerPortal = 7AF657B51D36C91A0029236D /* Project object */;
			proxyType = 1;
			remoteGlobalIDString = 7AF657BC1D36C91A0029236D;
			remoteInfo = IOSGame;
		};
/* End PBXContainerItemProxy section */

/* Begin PBXFileReference section */
		7AF657BD1D36C91A0029236D /* IOSGame.app */ = {isa = PBXFileReference; explicitFileType = wrapper.application; includeInIndex = 0; path = IOSGame.app; sourceTree = BUILT_PRODUCTS_DIR; };
		7AF657C11D36C91A0029236D /* main.m */ = {isa = PBXFileReference; lastKnownFileType = sourcecode.c.objc; path = main.m; sourceTree = "<group>"; };
		7AF657C31D36C91A0029236D /* AppDelegate.h */ = {isa = PBXFileReference; lastKnownFileType = sourcecode.c.h; path = AppDelegate.h; sourceTree = "<group>"; };
		7AF657C41D36C91A0029236D /* AppDelegate.m */ = {isa = PBXFileReference; lastKnownFileType = sourcecode.c.objc; path = AppDelegate.m; sourceTree = "<group>"; };
		7AF657C61D36C91A0029236D /* Shader.fsh */ = {isa = PBXFileReference; lastKnownFileType = sourcecode.glsl; name = Shader.fsh; path = Shaders/Shader.fsh; sourceTree = "<group>"; };
		7AF657C81D36C91A0029236D /* Shader.vsh */ = {isa = PBXFileReference; lastKnownFileType = sourcecode.glsl; name = Shader.vsh; path = Shaders/Shader.vsh; sourceTree = "<group>"; };
		7AF657CA1D36C91A0029236D /* GameViewController.h */ = {isa = PBXFileReference; lastKnownFileType = sourcecode.c.h; path = GameViewController.h; sourceTree = "<group>"; };
		7AF657CB1D36C91A0029236D /* GameViewController.m */ = {isa = PBXFileReference; explicitFileType = sourcecode.cpp.objcpp; path = GameViewController.m; sourceTree = "<group>"; };
		7AF657CE1D36C91A0029236D /* Base */ = {isa = PBXFileReference; lastKnownFileType = file.storyboard; name = Base; path = Base.lproj/Main.storyboard; sourceTree = "<group>"; };
		7AF657D01D36C91A0029236D /* Assets.xcassets */ = {isa = PBXFileReference; lastKnownFileType = folder.assetcatalog; path = Assets.xcassets; sourceTree = "<group>"; };
		7AF657D31D36C91A0029236D /* Base */ = {isa = PBXFileReference; lastKnownFileType = file.storyboard; name = Base; path = Base.lproj/LaunchScreen.storyboard; sourceTree = "<group>"; };
		7AF657D51D36C91A0029236D /* Info.plist */ = {isa = PBXFileReference; lastKnownFileType = text.plist.xml; path = Info.plist; sourceTree = "<group>"; };
		7AF657DA1D36C91A0029236D /* IOSGameTests.xctest */ = {isa = PBXFileReference; explicitFileType = wrapper.cfbundle; includeInIndex = 0; path = IOSGameTests.xctest; sourceTree = BUILT_PRODUCTS_DIR; };
		7AF657DE1D36C91A0029236D /* IOSGameTests.m */ = {isa = PBXFileReference; lastKnownFileType = sourcecode.c.objc; path = IOSGameTests.m; sourceTree = "<group>"; };
		7AF657E01D36C91A0029236D /* Info.plist */ = {isa = PBXFileReference; lastKnownFileType = text.plist.xml; path = Info.plist; sourceTree = "<group>"; };
		7AF657E51D36C91A0029236D /* IOSGameUITests.xctest */ = {isa = PBXFileReference; explicitFileType = wrapper.cfbundle; includeInIndex = 0; path = IOSGameUITests.xctest; sourceTree = BUILT_PRODUCTS_DIR; };
		7AF657E91D36C91A0029236D /* IOSGameUITests.m */ = {isa = PBXFileReference; lastKnownFileType = sourcecode.c.objc; path = IOSGameUITests.m; sourceTree = "<group>"; };
		7AF657EB1D36C91A0029236D /* Info.plist */ = {isa = PBXFileReference; lastKnownFileType = text.plist.xml; path = Info.plist; sourceTree = "<group>"; };
		7AF657F71D36D1FB0029236D /* DMEngine.mm */ = {isa = PBXFileReference; fileEncoding = 4; lastKnownFileType = sourcecode.cpp.objcpp; path = DMEngine.mm; sourceTree = "<group>"; };
		7AF657F81D36D1FB0029236D /* DMEngine.hpp */ = {isa = PBXFileReference; fileEncoding = 4; lastKnownFileType = sourcecode.cpp.h; path = DMEngine.hpp; sourceTree = "<group>"; };
		7AF657FA1D36D6310029236D /* QuartzCore.framework */ = {isa = PBXFileReference; lastKnownFileType = wrapper.framework; name = QuartzCore.framework; path = System/Library/Frameworks/QuartzCore.framework; sourceTree = SDKROOT; };
		7AF657FC1D36D6380029236D /* OpenGLES.framework */ = {isa = PBXFileReference; lastKnownFileType = wrapper.framework; name = OpenGLES.framework; path = System/Library/Frameworks/OpenGLES.framework; sourceTree = SDKROOT; };
		7AF657FE1D36D71B0029236D /* Wrapper.mm */ = {isa = PBXFileReference; fileEncoding = 4; lastKnownFileType = sourcecode.cpp.objcpp; path = Wrapper.mm; sourceTree = "<group>"; };
		7AF658001D36D9860029236D /* GLKit.framework */ = {isa = PBXFileReference; lastKnownFileType = wrapper.framework; name = GLKit.framework; path = System/Library/Frameworks/GLKit.framework; sourceTree = SDKROOT; };
/* End PBXFileReference section */

/* Begin PBXFrameworksBuildPhase section */
		7AF657BA1D36C91A0029236D /* Frameworks */ = {
			isa = PBXFrameworksBuildPhase;
			buildActionMask = 2147483647;
			files = (
				7AF658011D36D9860029236D /* GLKit.framework in Frameworks */,
				7AF657FD1D36D6380029236D /* OpenGLES.framework in Frameworks */,
				7AF657FB1D36D6310029236D /* QuartzCore.framework in Frameworks */,
			);
			runOnlyForDeploymentPostprocessing = 0;
		};
		7AF657D71D36C91A0029236D /* Frameworks */ = {
			isa = PBXFrameworksBuildPhase;
			buildActionMask = 2147483647;
			files = (
			);
			runOnlyForDeploymentPostprocessing = 0;
		};
		7AF657E21D36C91A0029236D /* Frameworks */ = {
			isa = PBXFrameworksBuildPhase;
			buildActionMask = 2147483647;
			files = (
			);
			runOnlyForDeploymentPostprocessing = 0;
		};
/* End PBXFrameworksBuildPhase section */

/* Begin PBXGroup section */
		7AF657B41D36C91A0029236D = {
			isa = PBXGroup;
			children = (
				7AF658001D36D9860029236D /* GLKit.framework */,
				7AF657FC1D36D6380029236D /* OpenGLES.framework */,
				7AF657FA1D36D6310029236D /* QuartzCore.framework */,
				7AF657BF1D36C91A0029236D /* IOSGame */,
				7AF657DD1D36C91A0029236D /* IOSGameTests */,
				7AF657E81D36C91A0029236D /* IOSGameUITests */,
				7AF657BE1D36C91A0029236D /* Products */,
			);
			sourceTree = "<group>";
		};
		7AF657BE1D36C91A0029236D /* Products */ = {
			isa = PBXGroup;
			children = (
				7AF657BD1D36C91A0029236D /* IOSGame.app */,
				7AF657DA1D36C91A0029236D /* IOSGameTests.xctest */,
				7AF657E51D36C91A0029236D /* IOSGameUITests.xctest */,
			);
			name = Products;
			sourceTree = "<group>";
		};
		7AF657BF1D36C91A0029236D /* IOSGame */ = {
			isa = PBXGroup;
			children = (
				7AF657C31D36C91A0029236D /* AppDelegate.h */,
				7AF657C41D36C91A0029236D /* AppDelegate.m */,
				7AF657C61D36C91A0029236D /* Shader.fsh */,
				7AF657C81D36C91A0029236D /* Shader.vsh */,
				7AF657CA1D36C91A0029236D /* GameViewController.h */,
				7AF657CB1D36C91A0029236D /* GameViewController.m */,
				7AF657CD1D36C91A0029236D /* Main.storyboard */,
				7AF657D01D36C91A0029236D /* Assets.xcassets */,
				7AF657D21D36C91A0029236D /* LaunchScreen.storyboard */,
				7AF657D51D36C91A0029236D /* Info.plist */,
				7AF657C01D36C91A0029236D /* Supporting Files */,
				7AF657F71D36D1FB0029236D /* DMEngine.mm */,
				7AF657F81D36D1FB0029236D /* DMEngine.hpp */,
				7AF657FE1D36D71B0029236D /* Wrapper.mm */,
			);
			path = IOSGame;
			sourceTree = "<group>";
		};
		7AF657C01D36C91A0029236D /* Supporting Files */ = {
			isa = PBXGroup;
			children = (
				7AF657C11D36C91A0029236D /* main.m */,
			);
			name = "Supporting Files";
			sourceTree = "<group>";
		};
		7AF657DD1D36C91A0029236D /* IOSGameTests */ = {
			isa = PBXGroup;
			children = (
				7AF657DE1D36C91A0029236D /* IOSGameTests.m */,
				7AF657E01D36C91A0029236D /* Info.plist */,
			);
			path = IOSGameTests;
			sourceTree = "<group>";
		};
		7AF657E81D36C91A0029236D /* IOSGameUITests */ = {
			isa = PBXGroup;
			children = (
				7AF657E91D36C91A0029236D /* IOSGameUITests.m */,
				7AF657EB1D36C91A0029236D /* Info.plist */,
			);
			path = IOSGameUITests;
			sourceTree = "<group>";
		};
/* End PBXGroup section */

/* Begin PBXNativeTarget section */
		7AF657BC1D36C91A0029236D /* IOSGame */ = {
			isa = PBXNativeTarget;
			buildConfigurationList = 7AF657EE1D36C91A0029236D /* Build configuration list for PBXNativeTarget "IOSGame" */;
			buildPhases = (
				7AF657B91D36C91A0029236D /* Sources */,
				7AF657BA1D36C91A0029236D /* Frameworks */,
				7AF657BB1D36C91A0029236D /* Resources */,
			);
			buildRules = (
			);
			dependencies = (
			);
			name = IOSGame;
			productName = IOSGame;
			productReference = 7AF657BD1D36C91A0029236D /* IOSGame.app */;
			productType = "com.apple.product-type.application";
		};
		7AF657D91D36C91A0029236D /* IOSGameTests */ = {
			isa = PBXNativeTarget;
			buildConfigurationList = 7AF657F11D36C91A0029236D /* Build configuration list for PBXNativeTarget "IOSGameTests" */;
			buildPhases = (
				7AF657D61D36C91A0029236D /* Sources */,
				7AF657D71D36C91A0029236D /* Frameworks */,
				7AF657D81D36C91A0029236D /* Resources */,
			);
			buildRules = (
			);
			dependencies = (
				7AF657DC1D36C91A0029236D /* PBXTargetDependency */,
			);
			name = IOSGameTests;
			productName = IOSGameTests;
			productReference = 7AF657DA1D36C91A0029236D /* IOSGameTests.xctest */;
			productType = "com.apple.product-type.bundle.unit-test";
		};
		7AF657E41D36C91A0029236D /* IOSGameUITests */ = {
			isa = PBXNativeTarget;
			buildConfigurationList = 7AF657F41D36C91A0029236D /* Build configuration list for PBXNativeTarget "IOSGameUITests" */;
			buildPhases = (
				7AF657E11D36C91A0029236D /* Sources */,
				7AF657E21D36C91A0029236D /* Frameworks */,
				7AF657E31D36C91A0029236D /* Resources */,
			);
			buildRules = (
			);
			dependencies = (
				7AF657E71D36C91A0029236D /* PBXTargetDependency */,
			);
			name = IOSGameUITests;
			productName = IOSGameUITests;
			productReference = 7AF657E51D36C91A0029236D /* IOSGameUITests.xctest */;
			productType = "com.apple.product-type.bundle.ui-testing";
		};
/* End PBXNativeTarget section */

/* Begin PBXProject section */
		7AF657B51D36C91A0029236D /* Project object */ = {
			isa = PBXProject;
			attributes = {
				LastUpgradeCheck = 0730;
				ORGANIZATIONNAME = "Attila Varga";
				TargetAttributes = {
					7AF657BC1D36C91A0029236D = {
						CreatedOnToolsVersion = 7.3.1;
						DevelopmentTeam = 694F87T4JZ;
					};
					7AF657D91D36C91A0029236D = {
						CreatedOnToolsVersion = 7.3.1;
						TestTargetID = 7AF657BC1D36C91A0029236D;
					};
					7AF657E41D36C91A0029236D = {
						CreatedOnToolsVersion = 7.3.1;
						TestTargetID = 7AF657BC1D36C91A0029236D;
					};
				};
			};
			buildConfigurationList = 7AF657B81D36C91A0029236D /* Build configuration list for PBXProject "IOSGame" */;
			compatibilityVersion = "Xcode 3.2";
			developmentRegion = English;
			hasScannedForEncodings = 0;
			knownRegions = (
				en,
				Base,
			);
			mainGroup = 7AF657B41D36C91A0029236D;
			productRefGroup = 7AF657BE1D36C91A0029236D /* Products */;
			projectDirPath = "";
			projectRoot = "";
			targets = (
				7AF657BC1D36C91A0029236D /* IOSGame */,
				7AF657D91D36C91A0029236D /* IOSGameTests */,
				7AF657E41D36C91A0029236D /* IOSGameUITests */,
			);
		};
/* End PBXProject section */

/* Begin PBXResourcesBuildPhase section */
		7AF657BB1D36C91A0029236D /* Resources */ = {
			isa = PBXResourcesBuildPhase;
			buildActionMask = 2147483647;
			files = (
				7AF657CF1D36C91A0029236D /* Main.storyboard in Resources */,
				7AF657C91D36C91A0029236D /* Shader.vsh in Resources */,
				7AF657D11D36C91A0029236D /* Assets.xcassets in Resources */,
				7AF657D41D36C91A0029236D /* LaunchScreen.storyboard in Resources */,
				7AF657C71D36C91A0029236D /* Shader.fsh in Resources */,
			);
			runOnlyForDeploymentPostprocessing = 0;
		};
		7AF657D81D36C91A0029236D /* Resources */ = {
			isa = PBXResourcesBuildPhase;
			buildActionMask = 2147483647;
			files = (
			);
			runOnlyForDeploymentPostprocessing = 0;
		};
		7AF657E31D36C91A0029236D /* Resources */ = {
			isa = PBXResourcesBuildPhase;
			buildActionMask = 2147483647;
			files = (
			);
			runOnlyForDeploymentPostprocessing = 0;
		};
/* End PBXResourcesBuildPhase section */

/* Begin PBXSourcesBuildPhase section */
		7AF657B91D36C91A0029236D /* Sources */ = {
			isa = PBXSourcesBuildPhase;
			buildActionMask = 2147483647;
			files = (
				7AF657FF1D36D71B0029236D /* Wrapper.mm in Sources */,
				7AF657F91D36D1FB0029236D /* DMEngine.mm in Sources */,
				7AF657C51D36C91A0029236D /* AppDelegate.m in Sources */,
				7AF657CC1D36C91A0029236D /* GameViewController.m in Sources */,
				7AF657C21D36C91A0029236D /* main.m in Sources */,
			);
			runOnlyForDeploymentPostprocessing = 0;
		};
		7AF657D61D36C91A0029236D /* Sources */ = {
			isa = PBXSourcesBuildPhase;
			buildActionMask = 2147483647;
			files = (
				7AF657DF1D36C91A0029236D /* IOSGameTests.m in Sources */,
			);
			runOnlyForDeploymentPostprocessing = 0;
		};
		7AF657E11D36C91A0029236D /* Sources */ = {
			isa = PBXSourcesBuildPhase;
			buildActionMask = 2147483647;
			files = (
				7AF657EA1D36C91A0029236D /* IOSGameUITests.m in Sources */,
			);
			runOnlyForDeploymentPostprocessing = 0;
		};
/* End PBXSourcesBuildPhase section */

/* Begin PBXTargetDependency section */
		7AF657DC1D36C91A0029236D /* PBXTargetDependency */ = {
			isa = PBXTargetDependency;
			target = 7AF657BC1D36C91A0029236D /* IOSGame */;
			targetProxy = 7AF657DB1D36C91A0029236D /* PBXContainerItemProxy */;
		};
		7AF657E71D36C91A0029236D /* PBXTargetDependency */ = {
			isa = PBXTargetDependency;
			target = 7AF657BC1D36C91A0029236D /* IOSGame */;
			targetProxy = 7AF657E61D36C91A0029236D /* PBXContainerItemProxy */;
		};
/* End PBXTargetDependency section */

/* Begin PBXVariantGroup section */
		7AF657CD1D36C91A0029236D /* Main.storyboard */ = {
			isa = PBXVariantGroup;
			children = (
				7AF657CE1D36C91A0029236D /* Base */,
			);
			name = Main.storyboard;
			sourceTree = "<group>";
		};
		7AF657D21D36C91A0029236D /* LaunchScreen.storyboard */ = {
			isa = PBXVariantGroup;
			children = (
				7AF657D31D36C91A0029236D /* Base */,
			);
			name = LaunchScreen.storyboard;
			sourceTree = "<group>";
		};
/* End PBXVariantGroup section */

/* Begin XCBuildConfiguration section */
		7AF657EC1D36C91A0029236D /* Debug */ = {
			isa = XCBuildConfiguration;
			buildSettings = {
				ALWAYS_SEARCH_USER_PATHS = NO;
				CLANG_ANALYZER_NONNULL = YES;
				CLANG_CXX_LANGUAGE_STANDARD = "gnu++0x";
				CLANG_CXX_LIBRARY = "libstdc++";
				CLANG_ENABLE_MODULES = YES;
				CLANG_ENABLE_OBJC_ARC = YES;
				CLANG_WARN_BOOL_CONVERSION = YES;
				CLANG_WARN_CONSTANT_CONVERSION = YES;
				CLANG_WARN_DIRECT_OBJC_ISA_USAGE = YES_ERROR;
				CLANG_WARN_EMPTY_BODY = YES;
				CLANG_WARN_ENUM_CONVERSION = YES;
				CLANG_WARN_INT_CONVERSION = YES;
				CLANG_WARN_OBJC_ROOT_CLASS = YES_ERROR;
				CLANG_WARN_UNREACHABLE_CODE = YES;
				CLANG_WARN__DUPLICATE_METHOD_MATCH = YES;
				"CODE_SIGN_IDENTITY[sdk=iphoneos*]" = "iPhone Developer";
				COPY_PHASE_STRIP = NO;
				DEBUG_INFORMATION_FORMAT = "dwarf-with-dsym";
				ENABLE_STRICT_OBJC_MSGSEND = YES;
				ENABLE_TESTABILITY = YES;
				GCC_C_LANGUAGE_STANDARD = gnu99;
				GCC_DYNAMIC_NO_PIC = NO;
				GCC_INPUT_FILETYPE = automatic;
				GCC_NO_COMMON_BLOCKS = YES;
				GCC_OPTIMIZATION_LEVEL = 0;
				GCC_PREPROCESSOR_DEFINITIONS = (
					"DEBUG=1",
					"$(inherited)",
				);
				GCC_WARN_64_TO_32_BIT_CONVERSION = YES;
				GCC_WARN_ABOUT_RETURN_TYPE = YES_ERROR;
				GCC_WARN_UNDECLARED_SELECTOR = YES;
				GCC_WARN_UNINITIALIZED_AUTOS = YES_AGGRESSIVE;
				GCC_WARN_UNUSED_FUNCTION = YES;
				GCC_WARN_UNUSED_VARIABLE = YES;
				IPHONEOS_DEPLOYMENT_TARGET = 9.3;
				MTL_ENABLE_DEBUG_INFO = YES;
				ONLY_ACTIVE_ARCH = YES;
				SDKROOT = iphoneos;
				TARGETED_DEVICE_FAMILY = "1,2";
			};
			name = Debug;
		};
		7AF657ED1D36C91A0029236D /* Release */ = {
			isa = XCBuildConfiguration;
			buildSettings = {
				ALWAYS_SEARCH_USER_PATHS = NO;
				CLANG_ANALYZER_NONNULL = YES;
				CLANG_CXX_LANGUAGE_STANDARD = "gnu++0x";
				CLANG_CXX_LIBRARY = "libstdc++";
				CLANG_ENABLE_MODULES = YES;
				CLANG_ENABLE_OBJC_ARC = YES;
				CLANG_WARN_BOOL_CONVERSION = YES;
				CLANG_WARN_CONSTANT_CONVERSION = YES;
				CLANG_WARN_DIRECT_OBJC_ISA_USAGE = YES_ERROR;
				CLANG_WARN_EMPTY_BODY = YES;
				CLANG_WARN_ENUM_CONVERSION = YES;
				CLANG_WARN_INT_CONVERSION = YES;
				CLANG_WARN_OBJC_ROOT_CLASS = YES_ERROR;
				CLANG_WARN_UNREACHABLE_CODE = YES;
				CLANG_WARN__DUPLICATE_METHOD_MATCH = YES;
				"CODE_SIGN_IDENTITY[sdk=iphoneos*]" = "iPhone Developer";
				COPY_PHASE_STRIP = NO;
				DEBUG_INFORMATION_FORMAT = "dwarf-with-dsym";
				ENABLE_NS_ASSERTIONS = NO;
				ENABLE_STRICT_OBJC_MSGSEND = YES;
				GCC_C_LANGUAGE_STANDARD = gnu99;
				GCC_INPUT_FILETYPE = automatic;
				GCC_NO_COMMON_BLOCKS = YES;
				GCC_WARN_64_TO_32_BIT_CONVERSION = YES;
				GCC_WARN_ABOUT_RETURN_TYPE = YES_ERROR;
				GCC_WARN_UNDECLARED_SELECTOR = YES;
				GCC_WARN_UNINITIALIZED_AUTOS = YES_AGGRESSIVE;
				GCC_WARN_UNUSED_FUNCTION = YES;
				GCC_WARN_UNUSED_VARIABLE = YES;
				IPHONEOS_DEPLOYMENT_TARGET = 9.3;
				MTL_ENABLE_DEBUG_INFO = NO;
				SDKROOT = iphoneos;
				TARGETED_DEVICE_FAMILY = "1,2";
				VALIDATE_PRODUCT = YES;
			};
			name = Release;
		};
		7AF657EF1D36C91A0029236D /* Debug */ = {
			isa = XCBuildConfiguration;
			buildSettings = {
				ASSETCATALOG_COMPILER_APPICON_NAME = AppIcon;
				CODE_SIGN_IDENTITY = "iPhone Developer";
				"CODE_SIGN_IDENTITY[sdk=iphoneos*]" = "iPhone Developer";
				GCC_INPUT_FILETYPE = automatic;
				GCC_VERSION = "";
				INFOPLIST_FILE = IOSGame/Info.plist;
				LD_RUNPATH_SEARCH_PATHS = "$(inherited) @executable_path/Frameworks";
				PRODUCT_BUNDLE_IDENTIFIER = com.digitalmessiah.com.IOSGame;
				PRODUCT_NAME = "$(TARGET_NAME)";
				PROVISIONING_PROFILE = "";
			};
			name = Debug;
		};
		7AF657F01D36C91A0029236D /* Release */ = {
			isa = XCBuildConfiguration;
			buildSettings = {
				ASSETCATALOG_COMPILER_APPICON_NAME = AppIcon;
				CODE_SIGN_IDENTITY = "iPhone Developer";
				"CODE_SIGN_IDENTITY[sdk=iphoneos*]" = "iPhone Developer";
				GCC_INPUT_FILETYPE = automatic;
				GCC_VERSION = "";
				INFOPLIST_FILE = IOSGame/Info.plist;
				LD_RUNPATH_SEARCH_PATHS = "$(inherited) @executable_path/Frameworks";
				PRODUCT_BUNDLE_IDENTIFIER = com.digitalmessiah.com.IOSGame;
				PRODUCT_NAME = "$(TARGET_NAME)";
				PROVISIONING_PROFILE = "";
			};
			name = Release;
		};
		7AF657F21D36C91A0029236D /* Debug */ = {
			isa = XCBuildConfiguration;
			buildSettings = {
				BUNDLE_LOADER = "$(TEST_HOST)";
				DEBUG_INFORMATION_FORMAT = dwarf;
				INFOPLIST_FILE = IOSGameTests/Info.plist;
				LD_RUNPATH_SEARCH_PATHS = "$(inherited) @executable_path/Frameworks @loader_path/Frameworks";
				PRODUCT_BUNDLE_IDENTIFIER = com.digitalmessiah.com.IOSGameTests;
				PRODUCT_NAME = "$(TARGET_NAME)";
				TEST_HOST = "$(BUILT_PRODUCTS_DIR)/IOSGame.app/IOSGame";
			};
			name = Debug;
		};
		7AF657F31D36C91A0029236D /* Release */ = {
			isa = XCBuildConfiguration;
			buildSettings = {
				BUNDLE_LOADER = "$(TEST_HOST)";
				INFOPLIST_FILE = IOSGameTests/Info.plist;
				LD_RUNPATH_SEARCH_PATHS = "$(inherited) @executable_path/Frameworks @loader_path/Frameworks";
				PRODUCT_BUNDLE_IDENTIFIER = com.digitalmessiah.com.IOSGameTests;
				PRODUCT_NAME = "$(TARGET_NAME)";
				TEST_HOST = "$(BUILT_PRODUCTS_DIR)/IOSGame.app/IOSGame";
			};
			name = Release;
		};
		7AF657F51D36C91A0029236D /* Debug */ = {
			isa = XCBuildConfiguration;
			buildSettings = {
				DEBUG_INFORMATION_FORMAT = dwarf;
				INFOPLIST_FILE = IOSGameUITests/Info.plist;
				LD_RUNPATH_SEARCH_PATHS = "$(inherited) @executable_path/Frameworks @loader_path/Frameworks";
				PRODUCT_BUNDLE_IDENTIFIER = com.digitalmessiah.com.IOSGameUITests;
				PRODUCT_NAME = "$(TARGET_NAME)";
				TEST_TARGET_NAME = IOSGame;
			};
			name = Debug;
		};
		7AF657F61D36C91A0029236D /* Release */ = {
			isa = XCBuildConfiguration;
			buildSettings = {
				INFOPLIST_FILE = IOSGameUITests/Info.plist;
				LD_RUNPATH_SEARCH_PATHS = "$(inherited) @executable_path/Frameworks @loader_path/Frameworks";
				PRODUCT_BUNDLE_IDENTIFIER = com.digitalmessiah.com.IOSGameUITests;
				PRODUCT_NAME = "$(TARGET_NAME)";
				TEST_TARGET_NAME = IOSGame;
			};
			name = Release;
		};
/* End XCBuildConfiguration section */

/* Begin XCConfigurationList section */
		7AF657B81D36C91A0029236D /* Build configuration list for PBXProject "IOSGame" */ = {
			isa = XCConfigurationList;
			buildConfigurations = (
				7AF657EC1D36C91A0029236D /* Debug */,
				7AF657ED1D36C91A0029236D /* Release */,
			);
			defaultConfigurationIsVisible = 0;
			defaultConfigurationName = Release;
		};
		7AF657EE1D36C91A0029236D /* Build configuration list for PBXNativeTarget "IOSGame" */ = {
			isa = XCConfigurationList;
			buildConfigurations = (
				7AF657EF1D36C91A0029236D /* Debug */,
				7AF657F01D36C91A0029236D /* Release */,
			);
			defaultConfigurationIsVisible = 0;
		};
		7AF657F11D36C91A0029236D /* Build configuration list for PBXNativeTarget "IOSGameTests" */ = {
			isa = XCConfigurationList;
			buildConfigurations = (
				7AF657F21D36C91A0029236D /* Debug */,
				7AF657F31D36C91A0029236D /* Release */,
			);
			defaultConfigurationIsVisible = 0;
		};
		7AF657F41D36C91A0029236D /* Build configuration list for PBXNativeTarget "IOSGameUITests" */ = {
			isa = XCConfigurationList;
			buildConfigurations = (
				7AF657F51D36C91A0029236D /* Debug */,
				7AF657F61D36C91A0029236D /* Release */,
			);
			defaultConfigurationIsVisible = 0;
		};
/* End XCConfigurationList section */
	};
	rootObject = 7AF657B51D36C91A0029236D /* Project object */;
}
